
Microsoft Visual Studio Solution File, Format Version 12.00
# Visual Studio 14
VisualStudioVersion = 14.0.25123.0
MinimumVisualStudioVersion = 10.0.40219.1
Project("{FAE04EC0-301F-11D3-BF4B-00C04F79EFBC}") = "HelloJenkins", "HelloJenkins\HelloJenkins.csproj", "{89573598-1C95-4A5A-B3E4-12FB266E7CBA}"
EndProject
Project("{FAE04EC0-301F-11D3-BF4B-00C04F79EFBC}") = "HelloJenkins.Tests", "HelloJenkins.Tests\HelloJenkins.Tests.csproj", "{B6C7F70E-8FA3-4020-A70A-552D3B7AA846}"
EndProject
Global
	GlobalSection(SolutionConfigurationPlatforms) = preSolution
		Debug|Any CPU = Debug|Any CPU
		Release|Any CPU = Release|Any CPU
	EndGlobalSection
	GlobalSection(ProjectConfigurationPlatforms) = postSolution
		{89573598-1C95-4A5A-B3E4-12FB266E7CBA}.Debug|Any CPU.ActiveCfg = Debug|Any CPU
		{89573598-1C95-4A5A-B3E4-12FB266E7CBA}.Debug|Any CPU.Build.0 = Debug|Any CPU
		{89573598-1C95-4A5A-B3E4-12FB266E7CBA}.Release|Any CPU.ActiveCfg = Release|Any CPU
		{89573598-1C95-4A5A-B3E4-12FB266E7CBA}.Release|Any CPU.Build.0 = Release|Any CPU
		{B6C7F70E-8FA3-4020-A70A-552D3B7AA846}.Debug|Any CPU.ActiveCfg = Debug|Any CPU
		{B6C7F70E-8FA3-4020-A70A-552D3B7AA846}.Debug|Any CPU.Build.0 = Debug|Any CPU
		{B6C7F70E-8FA3-4020-A70A-552D3B7AA846}.Release|Any CPU.ActiveCfg = Release|Any CPU
		{B6C7F70E-8FA3-4020-A70A-552D3B7AA846}.Release|Any CPU.Build.0 = Release|Any CPU
	EndGlobalSection
	GlobalSection(SolutionProperties) = preSolution
		HideSolutionNode = FALSE
	EndGlobalSection
EndGlobal
